
Microsoft Visual Studio Solution File, Format Version 12.00
# Visual Studio 15
VisualStudioVersion = 15.0.28010.2046
MinimumVisualStudioVersion = 10.0.40219.1
Project("{FAE04EC0-301F-11D3-BF4B-00C04F79EFBC}") = "web", "web\web.csproj", "{FE88F59C-8183-45C4-8D27-9C48E77E2B70}"
EndProject
Global
	GlobalSection(SolutionConfigurationPlatforms) = preSolution
		Debug|Any CPU = Debug|Any CPU
		Release|Any CPU = Release|Any CPU
	EndGlobalSection
	GlobalSection(ProjectConfigurationPlatforms) = postSolution
		{FE88F59C-8183-45C4-8D27-9C48E77E2B70}.Debug|Any CPU.ActiveCfg = Debug|Any CPU
		{FE88F59C-8183-45C4-8D27-9C48E77E2B70}.Debug|Any CPU.Build.0 = Debug|Any CPU
		{FE88F59C-8183-45C4-8D27-9C48E77E2B70}.Release|Any CPU.ActiveCfg = Release|Any CPU
		{FE88F59C-8183-45C4-8D27-9C48E77E2B70}.Release|Any CPU.Build.0 = Release|Any CPU
	EndGlobalSection
	GlobalSection(SolutionProperties) = preSolution
		HideSolutionNode = FALSE
	EndGlobalSection
	GlobalSection(ExtensibilityGlobals) = postSolution
		SolutionGuid = {A69EDE33-0935-42B1-B046-537B88826985}
	EndGlobalSection
EndGlobal
